# This file is automatically @generated by Cargo.
# It is not intended for manual editing.
version = 4

[[package]]
name = "sensiblaw-bench"
version = "0.1.0"

[[package]]
name = "sensiblaw-bundle-search"
version = "0.1.0"
dependencies = [
 "sensiblaw-evidential-reopen",
 "sensiblaw-source-handoff",
]

[[package]]
name = "sensiblaw-core"
version = "0.1.0"

[[package]]
name = "sensiblaw-evidential-reopen"
version = "0.1.0"

[[package]]
name = "sensiblaw-expanded-cert"
version = "0.1.0"
dependencies = [
 "sensiblaw-core",
 "sensiblaw-semantic-admission",
 "sensiblaw-semantic-expansion",
]

[[package]]
name = "sensiblaw-legal-counterfactual"
version = "0.1.0"
dependencies = [
 "sensiblaw-semantic-status",
]

[[package]]
name = "sensiblaw-legal-follow-plan"
version = "0.1.0"
dependencies = [
 "sensiblaw-legal-counterfactual",
]

[[package]]
name = "sensiblaw-parity"
version = "0.1.0"
dependencies = [
 "sensiblaw-core",
]

[[package]]
name = "sensiblaw-semantic-admission"
version = "0.1.0"
dependencies = [
 "sensiblaw-core",
 "sensiblaw-semantic-expansion",
]

[[package]]
name = "sensiblaw-semantic-expansion"
version = "0.1.0"
dependencies = [
 "sensiblaw-core",
]

[[package]]
name = "sensiblaw-semantic-status"
version = "0.1.0"
dependencies = [
 "sensiblaw-core",
 "sensiblaw-semantic-expansion",
]

[[package]]
name = "sensiblaw-source-handoff"
version = "0.1.0"
dependencies = [
 "sensiblaw-evidential-reopen",
]

[[package]]
name = "sensiblaw-stream"
version = "0.1.0"
dependencies = [
 "sensiblaw-core",
 "sensiblaw-parity",
]
