# This file is automatically @generated by Cargo.
# It is not intended for manual editing.
version = 4

[[package]]
name = "sensiblaw-bench"
version = "0.1.0"

[[package]]
name = "sensiblaw-core"
version = "0.1.0"

[[package]]
name = "sensiblaw-expanded-cert"
version = "0.1.0"
dependencies = [
 "sensiblaw-core",
 "sensiblaw-semantic-expansion",
]

[[package]]
name = "sensiblaw-parity"
version = "0.1.0"
dependencies = [
 "sensiblaw-core",
]

[[package]]
name = "sensiblaw-semantic-expansion"
version = "0.1.0"
dependencies = [
 "sensiblaw-core",
]

[[package]]
name = "sensiblaw-stream"
version = "0.1.0"
dependencies = [
 "sensiblaw-core",
 "sensiblaw-parity",
]
